<?xml version="1.0" encoding="UTF-8" standalone="yes" ?>
<CodeBlocks_project_file>
	<FileVersion major="1" minor="6" />
	<Project>
		<Option title="hmm" />
		<Option makefile_is_custom="1" />
		<Option pch_mode="2" />
		<Option compiler="gcc" />
		<Build>
			<Target title="Debug">
				<Option output="bin/Debug/hmm" prefix_auto="1" extension_auto="1" />
				<Option object_output="obj/Debug/" />
				<Option type="1" />
				<Option compiler="gcc" />
				<Compiler>
					<Add option="-g" />
					<Add directory="include" />
					<Add directory="/usr/include/boost" />
				</Compiler>
				<MakeCommands>
					<Build command="scons -Q $target" />
					<CompileFile command="scons -Q $target $file" />
					<Clean command="scons -Q $target clean" />
					<DistClean command="scons -Q $target clean" />
				</MakeCommands>
			</Target>
			<Target title="Release">
				<Option output="bin/Release/hmm" prefix_auto="1" extension_auto="1" />
				<Option object_output="obj/Release/" />
				<Option type="1" />
				<Option compiler="gcc" />
				<Compiler>
					<Add option="-O2" />
				</Compiler>
				<Linker>
					<Add option="-s" />
				</Linker>
			</Target>
		</Build>
		<Compiler>
			<Add option="-Wall" />
			<Add option="-fexceptions" />
			<Add directory="include" />
			<Add directory="/usr/include/boost" />
		</Compiler>
		<Unit filename="SConstruct" />
		<Unit filename="include/Gaussian_3d.h" />
		<Unit filename="include/Gaussian_3d_mixture.h" />
		<Unit filename="include/cgaussian.h" />
		<Unit filename="include/chmm.h" />
		<Unit filename="include/hmm.h" />
		<Unit filename="include/sample_3d.h" />
		<Unit filename="src/Gaussian_3d.cpp" />
		<Unit filename="src/Gaussian_3d_mixture.cpp" />
		<Unit filename="src/SConscript" />
		<Unit filename="src/chmm.cpp" />
		<Unit filename="src/hmm.cpp" />
		<Unit filename="src/main.cpp" />
		<Unit filename="src/sample_3d.cpp" />
		<Unit filename="tests/SConscript" />
		<Unit filename="tests/hmm_test.cpp" />
		<Extensions>
			<code_completion />
			<debugger />
			<envvars />
		</Extensions>
	</Project>
</CodeBlocks_project_file>
